
Microsoft Visual Studio Solution File, Format Version 12.00
# Visual Studio Version 17
VisualStudioVersion = 17.9.34728.123
MinimumVisualStudioVersion = 10.0.40219.1
Project("{9A19103F-16F7-4668-BE54-9A1E7A4F7556}") = "Progresstracker", "Progresstracker.csproj", "{899687BB-600F-4EEF-A5E8-9E28222A1AA9}"
EndProject
Project("{FAE04EC0-301F-11D3-BF4B-00C04F79EFBC}") = "Progresstracker.Domain", "..\Progresstracker.Domain\Progresstracker.Domain.csproj", "{A91718A5-CF95-4D89-A2DC-7064338A2C6E}"
EndProject
Project("{FAE04EC0-301F-11D3-BF4B-00C04F79EFBC}") = "Progresstracker.Application", "..\Progresstracker.Application\Progresstracker.Application.csproj", "{B23B20AA-489D-4842-8EEA-0EEBE105D640}"
	ProjectSection(ProjectDependencies) = postProject
		{A91718A5-CF95-4D89-A2DC-7064338A2C6E} = {A91718A5-CF95-4D89-A2DC-7064338A2C6E}
	EndProjectSection
EndProject
Project("{FAE04EC0-301F-11D3-BF4B-00C04F79EFBC}") = "Progresstracker.Adapter", "..\Progresstracker.Adapter\Progresstracker.Adapter.csproj", "{4706A516-0F4A-4A55-8688-47565A3FD49D}"
	ProjectSection(ProjectDependencies) = postProject
		{B23B20AA-489D-4842-8EEA-0EEBE105D640} = {B23B20AA-489D-4842-8EEA-0EEBE105D640}
	EndProjectSection
EndProject
Project("{FAE04EC0-301F-11D3-BF4B-00C04F79EFBC}") = "Progresstracker.PluginDatabase", "..\Progresstracker.PluginDatabase\Progresstracker.PluginDatabase.csproj", "{56AF533B-7ECD-4A31-8804-2F50498089A3}"
	ProjectSection(ProjectDependencies) = postProject
		{4706A516-0F4A-4A55-8688-47565A3FD49D} = {4706A516-0F4A-4A55-8688-47565A3FD49D}
	EndProjectSection
EndProject
Project("{FAE04EC0-301F-11D3-BF4B-00C04F79EFBC}") = "Progresstracker.PluginUI", "..\Progresstracker.PluginUI\Progresstracker.PluginUI.csproj", "{64284D5A-4DA1-4B2D-ABD3-468D8B5D7ECB}"
	ProjectSection(ProjectDependencies) = postProject
		{4706A516-0F4A-4A55-8688-47565A3FD49D} = {4706A516-0F4A-4A55-8688-47565A3FD49D}
	EndProjectSection
EndProject
Global
	GlobalSection(SolutionConfigurationPlatforms) = preSolution
		Debug|Any CPU = Debug|Any CPU
		Release|Any CPU = Release|Any CPU
	EndGlobalSection
	GlobalSection(ProjectConfigurationPlatforms) = postSolution
		{899687BB-600F-4EEF-A5E8-9E28222A1AA9}.Debug|Any CPU.ActiveCfg = Debug|Any CPU
		{899687BB-600F-4EEF-A5E8-9E28222A1AA9}.Debug|Any CPU.Build.0 = Debug|Any CPU
		{899687BB-600F-4EEF-A5E8-9E28222A1AA9}.Release|Any CPU.ActiveCfg = Release|Any CPU
		{899687BB-600F-4EEF-A5E8-9E28222A1AA9}.Release|Any CPU.Build.0 = Release|Any CPU
		{A91718A5-CF95-4D89-A2DC-7064338A2C6E}.Debug|Any CPU.ActiveCfg = Debug|Any CPU
		{A91718A5-CF95-4D89-A2DC-7064338A2C6E}.Debug|Any CPU.Build.0 = Debug|Any CPU
		{A91718A5-CF95-4D89-A2DC-7064338A2C6E}.Release|Any CPU.ActiveCfg = Release|Any CPU
		{A91718A5-CF95-4D89-A2DC-7064338A2C6E}.Release|Any CPU.Build.0 = Release|Any CPU
		{B23B20AA-489D-4842-8EEA-0EEBE105D640}.Debug|Any CPU.ActiveCfg = Debug|Any CPU
		{B23B20AA-489D-4842-8EEA-0EEBE105D640}.Debug|Any CPU.Build.0 = Debug|Any CPU
		{B23B20AA-489D-4842-8EEA-0EEBE105D640}.Release|Any CPU.ActiveCfg = Release|Any CPU
		{B23B20AA-489D-4842-8EEA-0EEBE105D640}.Release|Any CPU.Build.0 = Release|Any CPU
		{4706A516-0F4A-4A55-8688-47565A3FD49D}.Debug|Any CPU.ActiveCfg = Debug|Any CPU
		{4706A516-0F4A-4A55-8688-47565A3FD49D}.Debug|Any CPU.Build.0 = Debug|Any CPU
		{4706A516-0F4A-4A55-8688-47565A3FD49D}.Release|Any CPU.ActiveCfg = Release|Any CPU
		{4706A516-0F4A-4A55-8688-47565A3FD49D}.Release|Any CPU.Build.0 = Release|Any CPU
		{56AF533B-7ECD-4A31-8804-2F50498089A3}.Debug|Any CPU.ActiveCfg = Debug|Any CPU
		{56AF533B-7ECD-4A31-8804-2F50498089A3}.Debug|Any CPU.Build.0 = Debug|Any CPU
		{56AF533B-7ECD-4A31-8804-2F50498089A3}.Release|Any CPU.ActiveCfg = Release|Any CPU
		{56AF533B-7ECD-4A31-8804-2F50498089A3}.Release|Any CPU.Build.0 = Release|Any CPU
		{64284D5A-4DA1-4B2D-ABD3-468D8B5D7ECB}.Debug|Any CPU.ActiveCfg = Debug|Any CPU
		{64284D5A-4DA1-4B2D-ABD3-468D8B5D7ECB}.Debug|Any CPU.Build.0 = Debug|Any CPU
		{64284D5A-4DA1-4B2D-ABD3-468D8B5D7ECB}.Release|Any CPU.ActiveCfg = Release|Any CPU
		{64284D5A-4DA1-4B2D-ABD3-468D8B5D7ECB}.Release|Any CPU.Build.0 = Release|Any CPU
	EndGlobalSection
	GlobalSection(SolutionProperties) = preSolution
		HideSolutionNode = FALSE
	EndGlobalSection
	GlobalSection(ExtensibilityGlobals) = postSolution
		SolutionGuid = {F07A67F9-89AD-40D3-8AD7-4FB06D7453B1}
	EndGlobalSection
EndGlobal
